
Microsoft Visual Studio Solution File, Format Version 12.00
# Visual Studio 15
VisualStudioVersion = 15.0.27130.2027
MinimumVisualStudioVersion = 10.0.40219.1
Project("{FAE04EC0-301F-11D3-BF4B-00C04F79EFBC}") = "TopoSurf", "TopoSurf\TopoSurf.csproj", "{32C04D8C-227D-478C-8D9D-E8274D260680}"
EndProject
Global
	GlobalSection(SolutionConfigurationPlatforms) = preSolution
		Debug|Any CPU = Debug|Any CPU
		Release|Any CPU = Release|Any CPU
	EndGlobalSection
	GlobalSection(ProjectConfigurationPlatforms) = postSolution
		{32C04D8C-227D-478C-8D9D-E8274D260680}.Debug|Any CPU.ActiveCfg = Debug|Any CPU
		{32C04D8C-227D-478C-8D9D-E8274D260680}.Debug|Any CPU.Build.0 = Debug|Any CPU
		{32C04D8C-227D-478C-8D9D-E8274D260680}.Release|Any CPU.ActiveCfg = Release|Any CPU
		{32C04D8C-227D-478C-8D9D-E8274D260680}.Release|Any CPU.Build.0 = Release|Any CPU
	EndGlobalSection
	GlobalSection(SolutionProperties) = preSolution
		HideSolutionNode = FALSE
	EndGlobalSection
	GlobalSection(ExtensibilityGlobals) = postSolution
		SolutionGuid = {57CB37B1-EABA-4E2F-B4C3-1BB0CBC54B4A}
	EndGlobalSection
EndGlobal
